{
  "originHash" : "5b9dee6bb1952acfd898ae4bfc01ead7fb932fc8382fb4b990cc258311375d7d",
  "pins" : [
    {
      "identity" : "cacheswiftly",
      "kind" : "remoteSourceControl",
      "location" : "https://github.com/miramirrormira/CacheSwiftly",
      "state" : {
        "branch" : "main",
        "revision" : "6f81b71ecc081d6cb1a4002d291e774fbb8a882c"
      }
    }
  ],
  "version" : 3
}
